// !$*UTF8*$!
{
	archiveVersion = 1;
	classes = {
	};
	objectVersion = 52;
	objects = {

/* Begin PBXBuildFile section */
		5C116D9D257E067B008A8153 /* SnapKit in Frameworks */ = {isa = PBXBuildFile; productRef = 5C116D9C257E067B008A8153 /* SnapKit */; };
		5C116DA0257E0818008A8153 /* FeedItem.swift in Sources */ = {isa = PBXBuildFile; fileRef = 5C116D9F257E0818008A8153 /* FeedItem.swift */; };
		5C116DA3257E0DC7008A8153 /* FeedViewController+Table.swift in Sources */ = {isa = PBXBuildFile; fileRef = 5C116DA2257E0DC7008A8153 /* FeedViewController+Table.swift */; };
		5CD1F181257DD2670094DC9F /* AppDelegate.swift in Sources */ = {isa = PBXBuildFile; fileRef = 5CD1F180257DD2670094DC9F /* AppDelegate.swift */; };
		5CD1F183257DD2670094DC9F /* SceneDelegate.swift in Sources */ = {isa = PBXBuildFile; fileRef = 5CD1F182257DD2670094DC9F /* SceneDelegate.swift */; };
		5CD1F188257DD2670094DC9F /* Main.storyboard in Resources */ = {isa = PBXBuildFile; fileRef = 5CD1F186257DD2670094DC9F /* Main.storyboard */; };
		5CD1F18A257DD26A0094DC9F /* Assets.xcassets in Resources */ = {isa = PBXBuildFile; fileRef = 5CD1F189257DD26A0094DC9F /* Assets.xcassets */; };
		5CD1F18D257DD26A0094DC9F /* LaunchScreen.storyboard in Resources */ = {isa = PBXBuildFile; fileRef = 5CD1F18B257DD26A0094DC9F /* LaunchScreen.storyboard */; };
		5CD1F19B257DDEED0094DC9F /* HomeViewController.swift in Sources */ = {isa = PBXBuildFile; fileRef = 5CD1F19A257DDEED0094DC9F /* HomeViewController.swift */; };
		5CE7637B257DFEBE0055D6C8 /* FeedViewController.swift in Sources */ = {isa = PBXBuildFile; fileRef = 5CE76379257DFEBE0055D6C8 /* FeedViewController.swift */; };
		5CE76380257DFEED0055D6C8 /* ExploreViewController.swift in Sources */ = {isa = PBXBuildFile; fileRef = 5CE7637F257DFEED0055D6C8 /* ExploreViewController.swift */; };
		5CE76383257DFEFF0055D6C8 /* SubscriptionViewController.swift in Sources */ = {isa = PBXBuildFile; fileRef = 5CE76382257DFEFF0055D6C8 /* SubscriptionViewController.swift */; };
		5CE76386257DFF090055D6C8 /* LibraryViewController.swift in Sources */ = {isa = PBXBuildFile; fileRef = 5CE76385257DFF090055D6C8 /* LibraryViewController.swift */; };
		5CE76389257DFFAE0055D6C8 /* FeedCell.swift in Sources */ = {isa = PBXBuildFile; fileRef = 5CE76388257DFFAE0055D6C8 /* FeedCell.swift */; };
/* End PBXBuildFile section */

/* Begin PBXFileReference section */
		5C116D9F257E0818008A8153 /* FeedItem.swift */ = {isa = PBXFileReference; lastKnownFileType = sourcecode.swift; path = FeedItem.swift; sourceTree = "<group>"; };
		5C116DA2257E0DC7008A8153 /* FeedViewController+Table.swift */ = {isa = PBXFileReference; lastKnownFileType = sourcecode.swift; path = "FeedViewController+Table.swift"; sourceTree = "<group>"; };
		5CD1F17D257DD2670094DC9F /* Youtube.app */ = {isa = PBXFileReference; explicitFileType = wrapper.application; includeInIndex = 0; path = Youtube.app; sourceTree = BUILT_PRODUCTS_DIR; };
		5CD1F180257DD2670094DC9F /* AppDelegate.swift */ = {isa = PBXFileReference; lastKnownFileType = sourcecode.swift; path = AppDelegate.swift; sourceTree = "<group>"; };
		5CD1F182257DD2670094DC9F /* SceneDelegate.swift */ = {isa = PBXFileReference; lastKnownFileType = sourcecode.swift; path = SceneDelegate.swift; sourceTree = "<group>"; };
		5CD1F187257DD2670094DC9F /* Base */ = {isa = PBXFileReference; lastKnownFileType = file.storyboard; name = Base; path = Base.lproj/Main.storyboard; sourceTree = "<group>"; };
		5CD1F189257DD26A0094DC9F /* Assets.xcassets */ = {isa = PBXFileReference; lastKnownFileType = folder.assetcatalog; path = Assets.xcassets; sourceTree = "<group>"; };
		5CD1F18C257DD26A0094DC9F /* Base */ = {isa = PBXFileReference; lastKnownFileType = file.storyboard; name = Base; path = Base.lproj/LaunchScreen.storyboard; sourceTree = "<group>"; };
		5CD1F18E257DD26A0094DC9F /* Info.plist */ = {isa = PBXFileReference; lastKnownFileType = text.plist.xml; path = Info.plist; sourceTree = "<group>"; };
		5CD1F19A257DDEED0094DC9F /* HomeViewController.swift */ = {isa = PBXFileReference; lastKnownFileType = sourcecode.swift; path = HomeViewController.swift; sourceTree = "<group>"; };
		5CE76379257DFEBE0055D6C8 /* FeedViewController.swift */ = {isa = PBXFileReference; lastKnownFileType = sourcecode.swift; path = FeedViewController.swift; sourceTree = "<group>"; };
		5CE7637F257DFEED0055D6C8 /* ExploreViewController.swift */ = {isa = PBXFileReference; lastKnownFileType = sourcecode.swift; path = ExploreViewController.swift; sourceTree = "<group>"; };
		5CE76382257DFEFF0055D6C8 /* SubscriptionViewController.swift */ = {isa = PBXFileReference; lastKnownFileType = sourcecode.swift; path = SubscriptionViewController.swift; sourceTree = "<group>"; };
		5CE76385257DFF090055D6C8 /* LibraryViewController.swift */ = {isa = PBXFileReference; lastKnownFileType = sourcecode.swift; path = LibraryViewController.swift; sourceTree = "<group>"; };
		5CE76388257DFFAE0055D6C8 /* FeedCell.swift */ = {isa = PBXFileReference; lastKnownFileType = sourcecode.swift; path = FeedCell.swift; sourceTree = "<group>"; };
/* End PBXFileReference section */

/* Begin PBXFrameworksBuildPhase section */
		5CD1F17A257DD2670094DC9F /* Frameworks */ = {
			isa = PBXFrameworksBuildPhase;
			buildActionMask = 2147483647;
			files = (
				5C116D9D257E067B008A8153 /* SnapKit in Frameworks */,
			);
			runOnlyForDeploymentPostprocessing = 0;
		};
/* End PBXFrameworksBuildPhase section */

/* Begin PBXGroup section */
		5CD1F174257DD2670094DC9F = {
			isa = PBXGroup;
			children = (
				5CD1F17F257DD2670094DC9F /* Youtube */,
				5CD1F17E257DD2670094DC9F /* Products */,
			);
			sourceTree = "<group>";
		};
		5CD1F17E257DD2670094DC9F /* Products */ = {
			isa = PBXGroup;
			children = (
				5CD1F17D257DD2670094DC9F /* Youtube.app */,
			);
			name = Products;
			sourceTree = "<group>";
		};
		5CD1F17F257DD2670094DC9F /* Youtube */ = {
			isa = PBXGroup;
			children = (
				5CE7638F257DFFC60055D6C8 /* System */,
				5CD1F186257DD2670094DC9F /* Main.storyboard */,
				5C116D9F257E0818008A8153 /* FeedItem.swift */,
				5CD1F19A257DDEED0094DC9F /* HomeViewController.swift */,
				5CE7638D257DFFBE0055D6C8 /* Views */,
				5CD1F189257DD26A0094DC9F /* Assets.xcassets */,
				5CD1F18B257DD26A0094DC9F /* LaunchScreen.storyboard */,
				5CD1F18E257DD26A0094DC9F /* Info.plist */,
			);
			path = Youtube;
			sourceTree = "<group>";
		};
		5CE7638B257DFFB30055D6C8 /* HomeFeed */ = {
			isa = PBXGroup;
			children = (
				5CE76388257DFFAE0055D6C8 /* FeedCell.swift */,
				5CE76379257DFEBE0055D6C8 /* FeedViewController.swift */,
				5C116DA2257E0DC7008A8153 /* FeedViewController+Table.swift */,
			);
			path = HomeFeed;
			sourceTree = "<group>";
		};
		5CE7638D257DFFBE0055D6C8 /* Views */ = {
			isa = PBXGroup;
			children = (
				5CE7638B257DFFB30055D6C8 /* HomeFeed */,
				5CE7637F257DFEED0055D6C8 /* ExploreViewController.swift */,
				5CE76382257DFEFF0055D6C8 /* SubscriptionViewController.swift */,
				5CE76385257DFF090055D6C8 /* LibraryViewController.swift */,
			);
			path = Views;
			sourceTree = "<group>";
		};
		5CE7638F257DFFC60055D6C8 /* System */ = {
			isa = PBXGroup;
			children = (
				5CD1F180257DD2670094DC9F /* AppDelegate.swift */,
				5CD1F182257DD2670094DC9F /* SceneDelegate.swift */,
			);
			path = System;
			sourceTree = "<group>";
		};
/* End PBXGroup section */

/* Begin PBXNativeTarget section */
		5CD1F17C257DD2670094DC9F /* Youtube */ = {
			isa = PBXNativeTarget;
			buildConfigurationList = 5CD1F191257DD26A0094DC9F /* Build configuration list for PBXNativeTarget "Youtube" */;
			buildPhases = (
				5CD1F179257DD2670094DC9F /* Sources */,
				5CD1F17A257DD2670094DC9F /* Frameworks */,
				5CD1F17B257DD2670094DC9F /* Resources */,
			);
			buildRules = (
			);
			dependencies = (
			);
			name = Youtube;
			packageProductDependencies = (
				5C116D9C257E067B008A8153 /* SnapKit */,
			);
			productName = Youtube;
			productReference = 5CD1F17D257DD2670094DC9F /* Youtube.app */;
			productType = "com.apple.product-type.application";
		};
/* End PBXNativeTarget section */

/* Begin PBXProject section */
		5CD1F175257DD2670094DC9F /* Project object */ = {
			isa = PBXProject;
			attributes = {
				LastSwiftUpdateCheck = 1220;
				LastUpgradeCheck = 1220;
				TargetAttributes = {
					5CD1F17C257DD2670094DC9F = {
						CreatedOnToolsVersion = 12.2;
					};
				};
			};
			buildConfigurationList = 5CD1F178257DD2670094DC9F /* Build configuration list for PBXProject "Youtube" */;
			compatibilityVersion = "Xcode 9.3";
			developmentRegion = en;
			hasScannedForEncodings = 0;
			knownRegions = (
				en,
				Base,
			);
			mainGroup = 5CD1F174257DD2670094DC9F;
			packageReferences = (
				5C116D9B257E067B008A8153 /* XCRemoteSwiftPackageReference "SnapKit" */,
			);
			productRefGroup = 5CD1F17E257DD2670094DC9F /* Products */;
			projectDirPath = "";
			projectRoot = "";
			targets = (
				5CD1F17C257DD2670094DC9F /* Youtube */,
			);
		};
/* End PBXProject section */

/* Begin PBXResourcesBuildPhase section */
		5CD1F17B257DD2670094DC9F /* Resources */ = {
			isa = PBXResourcesBuildPhase;
			buildActionMask = 2147483647;
			files = (
				5CD1F18D257DD26A0094DC9F /* LaunchScreen.storyboard in Resources */,
				5CD1F18A257DD26A0094DC9F /* Assets.xcassets in Resources */,
				5CD1F188257DD2670094DC9F /* Main.storyboard in Resources */,
			);
			runOnlyForDeploymentPostprocessing = 0;
		};
/* End PBXResourcesBuildPhase section */

/* Begin PBXSourcesBuildPhase section */
		5CD1F179257DD2670094DC9F /* Sources */ = {
			isa = PBXSourcesBuildPhase;
			buildActionMask = 2147483647;
			files = (
				5CE76383257DFEFF0055D6C8 /* SubscriptionViewController.swift in Sources */,
				5CD1F181257DD2670094DC9F /* AppDelegate.swift in Sources */,
				5CD1F183257DD2670094DC9F /* SceneDelegate.swift in Sources */,
				5CE76380257DFEED0055D6C8 /* ExploreViewController.swift in Sources */,
				5CE76386257DFF090055D6C8 /* LibraryViewController.swift in Sources */,
				5C116DA0257E0818008A8153 /* FeedItem.swift in Sources */,
				5CE76389257DFFAE0055D6C8 /* FeedCell.swift in Sources */,
				5C116DA3257E0DC7008A8153 /* FeedViewController+Table.swift in Sources */,
				5CE7637B257DFEBE0055D6C8 /* FeedViewController.swift in Sources */,
				5CD1F19B257DDEED0094DC9F /* HomeViewController.swift in Sources */,
			);
			runOnlyForDeploymentPostprocessing = 0;
		};
/* End PBXSourcesBuildPhase section */

/* Begin PBXVariantGroup section */
		5CD1F186257DD2670094DC9F /* Main.storyboard */ = {
			isa = PBXVariantGroup;
			children = (
				5CD1F187257DD2670094DC9F /* Base */,
			);
			name = Main.storyboard;
			sourceTree = "<group>";
		};
		5CD1F18B257DD26A0094DC9F /* LaunchScreen.storyboard */ = {
			isa = PBXVariantGroup;
			children = (
				5CD1F18C257DD26A0094DC9F /* Base */,
			);
			name = LaunchScreen.storyboard;
			sourceTree = "<group>";
		};
/* End PBXVariantGroup section */

/* Begin XCBuildConfiguration section */
		5CD1F18F257DD26A0094DC9F /* Debug */ = {
			isa = XCBuildConfiguration;
			buildSettings = {
				ALWAYS_SEARCH_USER_PATHS = NO;
				CLANG_ANALYZER_NONNULL = YES;
				CLANG_ANALYZER_NUMBER_OBJECT_CONVERSION = YES_AGGRESSIVE;
				CLANG_CXX_LANGUAGE_STANDARD = "gnu++14";
				CLANG_CXX_LIBRARY = "libc++";
				CLANG_ENABLE_MODULES = YES;
				CLANG_ENABLE_OBJC_ARC = YES;
				CLANG_ENABLE_OBJC_WEAK = YES;
				CLANG_WARN_BLOCK_CAPTURE_AUTORELEASING = YES;
				CLANG_WARN_BOOL_CONVERSION = YES;
				CLANG_WARN_COMMA = YES;
				CLANG_WARN_CONSTANT_CONVERSION = YES;
				CLANG_WARN_DEPRECATED_OBJC_IMPLEMENTATIONS = YES;
				CLANG_WARN_DIRECT_OBJC_ISA_USAGE = YES_ERROR;
				CLANG_WARN_DOCUMENTATION_COMMENTS = YES;
				CLANG_WARN_EMPTY_BODY = YES;
				CLANG_WARN_ENUM_CONVERSION = YES;
				CLANG_WARN_INFINITE_RECURSION = YES;
				CLANG_WARN_INT_CONVERSION = YES;
				CLANG_WARN_NON_LITERAL_NULL_CONVERSION = YES;
				CLANG_WARN_OBJC_IMPLICIT_RETAIN_SELF = YES;
				CLANG_WARN_OBJC_LITERAL_CONVERSION = YES;
				CLANG_WARN_OBJC_ROOT_CLASS = YES_ERROR;
				CLANG_WARN_QUOTED_INCLUDE_IN_FRAMEWORK_HEADER = YES;
				CLANG_WARN_RANGE_LOOP_ANALYSIS = YES;
				CLANG_WARN_STRICT_PROTOTYPES = YES;
				CLANG_WARN_SUSPICIOUS_MOVE = YES;
				CLANG_WARN_UNGUARDED_AVAILABILITY = YES_AGGRESSIVE;
				CLANG_WARN_UNREACHABLE_CODE = YES;
				CLANG_WARN__DUPLICATE_METHOD_MATCH = YES;
				COPY_PHASE_STRIP = NO;
				DEBUG_INFORMATION_FORMAT = dwarf;
				ENABLE_STRICT_OBJC_MSGSEND = YES;
				ENABLE_TESTABILITY = YES;
				GCC_C_LANGUAGE_STANDARD = gnu11;
				GCC_DYNAMIC_NO_PIC = NO;
				GCC_NO_COMMON_BLOCKS = YES;
				GCC_OPTIMIZATION_LEVEL = 0;
				GCC_PREPROCESSOR_DEFINITIONS = (
					"DEBUG=1",
					"$(inherited)",
				);
				GCC_WARN_64_TO_32_BIT_CONVERSION = YES;
				GCC_WARN_ABOUT_RETURN_TYPE = YES_ERROR;
				GCC_WARN_UNDECLARED_SELECTOR = YES;
				GCC_WARN_UNINITIALIZED_AUTOS = YES_AGGRESSIVE;
				GCC_WARN_UNUSED_FUNCTION = YES;
				GCC_WARN_UNUSED_VARIABLE = YES;
				IPHONEOS_DEPLOYMENT_TARGET = 14.2;
				MTL_ENABLE_DEBUG_INFO = INCLUDE_SOURCE;
				MTL_FAST_MATH = YES;
				ONLY_ACTIVE_ARCH = YES;
				SDKROOT = iphoneos;
				SWIFT_ACTIVE_COMPILATION_CONDITIONS = DEBUG;
				SWIFT_OPTIMIZATION_LEVEL = "-Onone";
			};
			name = Debug;
		};
		5CD1F190257DD26A0094DC9F /* Release */ = {
			isa = XCBuildConfiguration;
			buildSettings = {
				ALWAYS_SEARCH_USER_PATHS = NO;
				CLANG_ANALYZER_NONNULL = YES;
				CLANG_ANALYZER_NUMBER_OBJECT_CONVERSION = YES_AGGRESSIVE;
				CLANG_CXX_LANGUAGE_STANDARD = "gnu++14";
				CLANG_CXX_LIBRARY = "libc++";
				CLANG_ENABLE_MODULES = YES;
				CLANG_ENABLE_OBJC_ARC = YES;
				CLANG_ENABLE_OBJC_WEAK = YES;
				CLANG_WARN_BLOCK_CAPTURE_AUTORELEASING = YES;
				CLANG_WARN_BOOL_CONVERSION = YES;
				CLANG_WARN_COMMA = YES;
				CLANG_WARN_CONSTANT_CONVERSION = YES;
				CLANG_WARN_DEPRECATED_OBJC_IMPLEMENTATIONS = YES;
				CLANG_WARN_DIRECT_OBJC_ISA_USAGE = YES_ERROR;
				CLANG_WARN_DOCUMENTATION_COMMENTS = YES;
				CLANG_WARN_EMPTY_BODY = YES;
				CLANG_WARN_ENUM_CONVERSION = YES;
				CLANG_WARN_INFINITE_RECURSION = YES;
				CLANG_WARN_INT_CONVERSION = YES;
				CLANG_WARN_NON_LITERAL_NULL_CONVERSION = YES;
				CLANG_WARN_OBJC_IMPLICIT_RETAIN_SELF = YES;
				CLANG_WARN_OBJC_LITERAL_CONVERSION = YES;
				CLANG_WARN_OBJC_ROOT_CLASS = YES_ERROR;
				CLANG_WARN_QUOTED_INCLUDE_IN_FRAMEWORK_HEADER = YES;
				CLANG_WARN_RANGE_LOOP_ANALYSIS = YES;
				CLANG_WARN_STRICT_PROTOTYPES = YES;
				CLANG_WARN_SUSPICIOUS_MOVE = YES;
				CLANG_WARN_UNGUARDED_AVAILABILITY = YES_AGGRESSIVE;
				CLANG_WARN_UNREACHABLE_CODE = YES;
				CLANG_WARN__DUPLICATE_METHOD_MATCH = YES;
				COPY_PHASE_STRIP = NO;
				DEBUG_INFORMATION_FORMAT = "dwarf-with-dsym";
				ENABLE_NS_ASSERTIONS = NO;
				ENABLE_STRICT_OBJC_MSGSEND = YES;
				GCC_C_LANGUAGE_STANDARD = gnu11;
				GCC_NO_COMMON_BLOCKS = YES;
				GCC_WARN_64_TO_32_BIT_CONVERSION = YES;
				GCC_WARN_ABOUT_RETURN_TYPE = YES_ERROR;
				GCC_WARN_UNDECLARED_SELECTOR = YES;
				GCC_WARN_UNINITIALIZED_AUTOS = YES_AGGRESSIVE;
				GCC_WARN_UNUSED_FUNCTION = YES;
				GCC_WARN_UNUSED_VARIABLE = YES;
				IPHONEOS_DEPLOYMENT_TARGET = 14.2;
				MTL_ENABLE_DEBUG_INFO = NO;
				MTL_FAST_MATH = YES;
				SDKROOT = iphoneos;
				SWIFT_COMPILATION_MODE = wholemodule;
				SWIFT_OPTIMIZATION_LEVEL = "-O";
				VALIDATE_PRODUCT = YES;
			};
			name = Release;
		};
		5CD1F192257DD26A0094DC9F /* Debug */ = {
			isa = XCBuildConfiguration;
			buildSettings = {
				ASSETCATALOG_COMPILER_APPICON_NAME = AppIcon;
				ASSETCATALOG_COMPILER_GLOBAL_ACCENT_COLOR_NAME = AccentColor;
				CODE_SIGN_STYLE = Automatic;
				DEVELOPMENT_TEAM = Q7HVAVTGUP;
				INFOPLIST_FILE = Youtube/Info.plist;
				LD_RUNPATH_SEARCH_PATHS = (
					"$(inherited)",
					"@executable_path/Frameworks",
				);
				PRODUCT_BUNDLE_IDENTIFIER = m.Youtube;
				PRODUCT_NAME = "$(TARGET_NAME)";
				SWIFT_VERSION = 5.0;
				TARGETED_DEVICE_FAMILY = "1,2";
			};
			name = Debug;
		};
		5CD1F193257DD26A0094DC9F /* Release */ = {
			isa = XCBuildConfiguration;
			buildSettings = {
				ASSETCATALOG_COMPILER_APPICON_NAME = AppIcon;
				ASSETCATALOG_COMPILER_GLOBAL_ACCENT_COLOR_NAME = AccentColor;
				CODE_SIGN_STYLE = Automatic;
				DEVELOPMENT_TEAM = Q7HVAVTGUP;
				INFOPLIST_FILE = Youtube/Info.plist;
				LD_RUNPATH_SEARCH_PATHS = (
					"$(inherited)",
					"@executable_path/Frameworks",
				);
				PRODUCT_BUNDLE_IDENTIFIER = m.Youtube;
				PRODUCT_NAME = "$(TARGET_NAME)";
				SWIFT_VERSION = 5.0;
				TARGETED_DEVICE_FAMILY = "1,2";
			};
			name = Release;
		};
/* End XCBuildConfiguration section */

/* Begin XCConfigurationList section */
		5CD1F178257DD2670094DC9F /* Build configuration list for PBXProject "Youtube" */ = {
			isa = XCConfigurationList;
			buildConfigurations = (
				5CD1F18F257DD26A0094DC9F /* Debug */,
				5CD1F190257DD26A0094DC9F /* Release */,
			);
			defaultConfigurationIsVisible = 0;
			defaultConfigurationName = Release;
		};
		5CD1F191257DD26A0094DC9F /* Build configuration list for PBXNativeTarget "Youtube" */ = {
			isa = XCConfigurationList;
			buildConfigurations = (
				5CD1F192257DD26A0094DC9F /* Debug */,
				5CD1F193257DD26A0094DC9F /* Release */,
			);
			defaultConfigurationIsVisible = 0;
			defaultConfigurationName = Release;
		};
/* End XCConfigurationList section */

/* Begin XCRemoteSwiftPackageReference section */
		5C116D9B257E067B008A8153 /* XCRemoteSwiftPackageReference "SnapKit" */ = {
			isa = XCRemoteSwiftPackageReference;
			repositoryURL = "https://github.com/SnapKit/SnapKit.git";
			requirement = {
				kind = upToNextMajorVersion;
				minimumVersion = 5.0.1;
			};
		};
/* End XCRemoteSwiftPackageReference section */

/* Begin XCSwiftPackageProductDependency section */
		5C116D9C257E067B008A8153 /* SnapKit */ = {
			isa = XCSwiftPackageProductDependency;
			package = 5C116D9B257E067B008A8153 /* XCRemoteSwiftPackageReference "SnapKit" */;
			productName = SnapKit;
		};
/* End XCSwiftPackageProductDependency section */
	};
	rootObject = 5CD1F175257DD2670094DC9F /* Project object */;
}
